// !$*UTF8*$!
{
	archiveVersion = 1;
	classes = {
	};
	objectVersion = 50;
	objects = {

/* Begin PBXBuildFile section */
		04136B6422F6B388008AD45D /* AppDelegate.swift in Sources */ = {isa = PBXBuildFile; fileRef = 04136B6322F6B388008AD45D /* AppDelegate.swift */; };
		04136B6622F6B388008AD45D /* ViewController.swift in Sources */ = {isa = PBXBuildFile; fileRef = 04136B6522F6B388008AD45D /* ViewController.swift */; };
		04136B6922F6B388008AD45D /* Main.storyboard in Resources */ = {isa = PBXBuildFile; fileRef = 04136B6722F6B388008AD45D /* Main.storyboard */; };
		04136B6B22F6B389008AD45D /* Assets.xcassets in Resources */ = {isa = PBXBuildFile; fileRef = 04136B6A22F6B389008AD45D /* Assets.xcassets */; };
		04136B6E22F6B389008AD45D /* LaunchScreen.storyboard in Resources */ = {isa = PBXBuildFile; fileRef = 04136B6C22F6B389008AD45D /* LaunchScreen.storyboard */; };
		FECE0401B42EA27F507ECFF6 /* Pods_26_ShareFacebook.framework in Frameworks */ = {isa = PBXBuildFile; fileRef = 34CD196C4F9B16C8E832FE7E /* Pods_26_ShareFacebook.framework */; };
/* End PBXBuildFile section */

/* Begin PBXFileReference section */
		04136B6022F6B388008AD45D /* 26.ShareFacebook.app */ = {isa = PBXFileReference; explicitFileType = wrapper.application; includeInIndex = 0; path = 26.ShareFacebook.app; sourceTree = BUILT_PRODUCTS_DIR; };
		04136B6322F6B388008AD45D /* AppDelegate.swift */ = {isa = PBXFileReference; lastKnownFileType = sourcecode.swift; path = AppDelegate.swift; sourceTree = "<group>"; };
		04136B6522F6B388008AD45D /* ViewController.swift */ = {isa = PBXFileReference; lastKnownFileType = sourcecode.swift; path = ViewController.swift; sourceTree = "<group>"; };
		04136B6822F6B388008AD45D /* Base */ = {isa = PBXFileReference; lastKnownFileType = file.storyboard; name = Base; path = Base.lproj/Main.storyboard; sourceTree = "<group>"; };
		04136B6A22F6B389008AD45D /* Assets.xcassets */ = {isa = PBXFileReference; lastKnownFileType = folder.assetcatalog; path = Assets.xcassets; sourceTree = "<group>"; };
		04136B6D22F6B389008AD45D /* Base */ = {isa = PBXFileReference; lastKnownFileType = file.storyboard; name = Base; path = Base.lproj/LaunchScreen.storyboard; sourceTree = "<group>"; };
		04136B6F22F6B389008AD45D /* Info.plist */ = {isa = PBXFileReference; lastKnownFileType = text.plist.xml; path = Info.plist; sourceTree = "<group>"; };
		34CD196C4F9B16C8E832FE7E /* Pods_26_ShareFacebook.framework */ = {isa = PBXFileReference; explicitFileType = wrapper.framework; includeInIndex = 0; path = Pods_26_ShareFacebook.framework; sourceTree = BUILT_PRODUCTS_DIR; };
		5EAF3580CD5F503A30D7588A /* Pods-26.ShareFacebook.release.xcconfig */ = {isa = PBXFileReference; includeInIndex = 1; lastKnownFileType = text.xcconfig; name = "Pods-26.ShareFacebook.release.xcconfig"; path = "Pods/Target Support Files/Pods-26.ShareFacebook/Pods-26.ShareFacebook.release.xcconfig"; sourceTree = "<group>"; };
		BB53E3F9632C97CACD22DDB4 /* Pods-26.ShareFacebook.debug.xcconfig */ = {isa = PBXFileReference; includeInIndex = 1; lastKnownFileType = text.xcconfig; name = "Pods-26.ShareFacebook.debug.xcconfig"; path = "Pods/Target Support Files/Pods-26.ShareFacebook/Pods-26.ShareFacebook.debug.xcconfig"; sourceTree = "<group>"; };
/* End PBXFileReference section */

/* Begin PBXFrameworksBuildPhase section */
		04136B5D22F6B388008AD45D /* Frameworks */ = {
			isa = PBXFrameworksBuildPhase;
			buildActionMask = 2147483647;
			files = (
				FECE0401B42EA27F507ECFF6 /* Pods_26_ShareFacebook.framework in Frameworks */,
			);
			runOnlyForDeploymentPostprocessing = 0;
		};
/* End PBXFrameworksBuildPhase section */

/* Begin PBXGroup section */
		04136B5722F6B388008AD45D = {
			isa = PBXGroup;
			children = (
				04136B6222F6B388008AD45D /* 26.ShareFacebook */,
				04136B6122F6B388008AD45D /* Products */,
				0F617D376303E2792B32B322 /* Pods */,
				7511C4F0922E81D1BAAAB443 /* Frameworks */,
			);
			sourceTree = "<group>";
		};
		04136B6122F6B388008AD45D /* Products */ = {
			isa = PBXGroup;
			children = (
				04136B6022F6B388008AD45D /* 26.ShareFacebook.app */,
			);
			name = Products;
			sourceTree = "<group>";
		};
		04136B6222F6B388008AD45D /* 26.ShareFacebook */ = {
			isa = PBXGroup;
			children = (
				04136B6322F6B388008AD45D /* AppDelegate.swift */,
				04136B6522F6B388008AD45D /* ViewController.swift */,
				04136B6722F6B388008AD45D /* Main.storyboard */,
				04136B6A22F6B389008AD45D /* Assets.xcassets */,
				04136B6C22F6B389008AD45D /* LaunchScreen.storyboard */,
				04136B6F22F6B389008AD45D /* Info.plist */,
			);
			path = 26.ShareFacebook;
			sourceTree = "<group>";
		};
		0F617D376303E2792B32B322 /* Pods */ = {
			isa = PBXGroup;
			children = (
				BB53E3F9632C97CACD22DDB4 /* Pods-26.ShareFacebook.debug.xcconfig */,
				5EAF3580CD5F503A30D7588A /* Pods-26.ShareFacebook.release.xcconfig */,
			);
			name = Pods;
			sourceTree = "<group>";
		};
		7511C4F0922E81D1BAAAB443 /* Frameworks */ = {
			isa = PBXGroup;
			children = (
				34CD196C4F9B16C8E832FE7E /* Pods_26_ShareFacebook.framework */,
			);
			name = Frameworks;
			sourceTree = "<group>";
		};
/* End PBXGroup section */

/* Begin PBXNativeTarget section */
		04136B5F22F6B388008AD45D /* 26.ShareFacebook */ = {
			isa = PBXNativeTarget;
			buildConfigurationList = 04136B7222F6B389008AD45D /* Build configuration list for PBXNativeTarget "26.ShareFacebook" */;
			buildPhases = (
				152B5597F6FCF0D6EC76AAE9 /* [CP] Check Pods Manifest.lock */,
				04136B5C22F6B388008AD45D /* Sources */,
				04136B5D22F6B388008AD45D /* Frameworks */,
				04136B5E22F6B388008AD45D /* Resources */,
				8B93BCA7F166CB6905B48119 /* [CP] Embed Pods Frameworks */,
			);
			buildRules = (
			);
			dependencies = (
			);
			name = 26.ShareFacebook;
			productName = 26.ShareFacebook;
			productReference = 04136B6022F6B388008AD45D /* 26.ShareFacebook.app */;
			productType = "com.apple.product-type.application";
		};
/* End PBXNativeTarget section */

/* Begin PBXProject section */
		04136B5822F6B388008AD45D /* Project object */ = {
			isa = PBXProject;
			attributes = {
				LastSwiftUpdateCheck = 1020;
				LastUpgradeCheck = 1020;
				ORGANIZATIONNAME = "Duy Nguyen";
				TargetAttributes = {
					04136B5F22F6B388008AD45D = {
						CreatedOnToolsVersion = 10.2;
					};
				};
			};
			buildConfigurationList = 04136B5B22F6B388008AD45D /* Build configuration list for PBXProject "26.ShareFacebook" */;
			compatibilityVersion = "Xcode 9.3";
			developmentRegion = en;
			hasScannedForEncodings = 0;
			knownRegions = (
				en,
				Base,
			);
			mainGroup = 04136B5722F6B388008AD45D;
			productRefGroup = 04136B6122F6B388008AD45D /* Products */;
			projectDirPath = "";
			projectRoot = "";
			targets = (
				04136B5F22F6B388008AD45D /* 26.ShareFacebook */,
			);
		};
/* End PBXProject section */

/* Begin PBXResourcesBuildPhase section */
		04136B5E22F6B388008AD45D /* Resources */ = {
			isa = PBXResourcesBuildPhase;
			buildActionMask = 2147483647;
			files = (
				04136B6E22F6B389008AD45D /* LaunchScreen.storyboard in Resources */,
				04136B6B22F6B389008AD45D /* Assets.xcassets in Resources */,
				04136B6922F6B388008AD45D /* Main.storyboard in Resources */,
			);
			runOnlyForDeploymentPostprocessing = 0;
		};
/* End PBXResourcesBuildPhase section */

/* Begin PBXShellScriptBuildPhase section */
		152B5597F6FCF0D6EC76AAE9 /* [CP] Check Pods Manifest.lock */ = {
			isa = PBXShellScriptBuildPhase;
			buildActionMask = 2147483647;
			files = (
			);
			inputFileListPaths = (
			);
			inputPaths = (
				"${PODS_PODFILE_DIR_PATH}/Podfile.lock",
				"${PODS_ROOT}/Manifest.lock",
			);
			name = "[CP] Check Pods Manifest.lock";
			outputFileListPaths = (
			);
			outputPaths = (
				"$(DERIVED_FILE_DIR)/Pods-26.ShareFacebook-checkManifestLockResult.txt",
			);
			runOnlyForDeploymentPostprocessing = 0;
			shellPath = /bin/sh;
			shellScript = "diff \"${PODS_PODFILE_DIR_PATH}/Podfile.lock\" \"${PODS_ROOT}/Manifest.lock\" > /dev/null\nif [ $? != 0 ] ; then\n    # print error to STDERR\n    echo \"error: The sandbox is not in sync with the Podfile.lock. Run 'pod install' or update your CocoaPods installation.\" >&2\n    exit 1\nfi\n# This output is used by Xcode 'outputs' to avoid re-running this script phase.\necho \"SUCCESS\" > \"${SCRIPT_OUTPUT_FILE_0}\"\n";
			showEnvVarsInLog = 0;
		};
		8B93BCA7F166CB6905B48119 /* [CP] Embed Pods Frameworks */ = {
			isa = PBXShellScriptBuildPhase;
			buildActionMask = 2147483647;
			files = (
			);
			inputFileListPaths = (
			);
			inputPaths = (
				"${SRCROOT}/Pods/Target Support Files/Pods-26.ShareFacebook/Pods-26.ShareFacebook-frameworks.sh",
				"${BUILT_PRODUCTS_DIR}/FBSDKCoreKit/FBSDKCoreKit.framework",
				"${BUILT_PRODUCTS_DIR}/FBSDKLoginKit/FBSDKLoginKit.framework",
				"${BUILT_PRODUCTS_DIR}/FBSDKShareKit/FBSDKShareKit.framework",
			);
			name = "[CP] Embed Pods Frameworks";
			outputFileListPaths = (
			);
			outputPaths = (
				"${TARGET_BUILD_DIR}/${FRAMEWORKS_FOLDER_PATH}/FBSDKCoreKit.framework",
				"${TARGET_BUILD_DIR}/${FRAMEWORKS_FOLDER_PATH}/FBSDKLoginKit.framework",
				"${TARGET_BUILD_DIR}/${FRAMEWORKS_FOLDER_PATH}/FBSDKShareKit.framework",
			);
			runOnlyForDeploymentPostprocessing = 0;
			shellPath = /bin/sh;
			shellScript = "\"${SRCROOT}/Pods/Target Support Files/Pods-26.ShareFacebook/Pods-26.ShareFacebook-frameworks.sh\"\n";
			showEnvVarsInLog = 0;
		};
/* End PBXShellScriptBuildPhase section */

/* Begin PBXSourcesBuildPhase section */
		04136B5C22F6B388008AD45D /* Sources */ = {
			isa = PBXSourcesBuildPhase;
			buildActionMask = 2147483647;
			files = (
				04136B6622F6B388008AD45D /* ViewController.swift in Sources */,
				04136B6422F6B388008AD45D /* AppDelegate.swift in Sources */,
			);
			runOnlyForDeploymentPostprocessing = 0;
		};
/* End PBXSourcesBuildPhase section */

/* Begin PBXVariantGroup section */
		04136B6722F6B388008AD45D /* Main.storyboard */ = {
			isa = PBXVariantGroup;
			children = (
				04136B6822F6B388008AD45D /* Base */,
			);
			name = Main.storyboard;
			sourceTree = "<group>";
		};
		04136B6C22F6B389008AD45D /* LaunchScreen.storyboard */ = {
			isa = PBXVariantGroup;
			children = (
				04136B6D22F6B389008AD45D /* Base */,
			);
			name = LaunchScreen.storyboard;
			sourceTree = "<group>";
		};
/* End PBXVariantGroup section */

/* Begin XCBuildConfiguration section */
		04136B7022F6B389008AD45D /* Debug */ = {
			isa = XCBuildConfiguration;
			buildSettings = {
				ALWAYS_SEARCH_USER_PATHS = NO;
				CLANG_ANALYZER_NONNULL = YES;
				CLANG_ANALYZER_NUMBER_OBJECT_CONVERSION = YES_AGGRESSIVE;
				CLANG_CXX_LANGUAGE_STANDARD = "gnu++14";
				CLANG_CXX_LIBRARY = "libc++";
				CLANG_ENABLE_MODULES = YES;
				CLANG_ENABLE_OBJC_ARC = YES;
				CLANG_ENABLE_OBJC_WEAK = YES;
				CLANG_WARN_BLOCK_CAPTURE_AUTORELEASING = YES;
				CLANG_WARN_BOOL_CONVERSION = YES;
				CLANG_WARN_COMMA = YES;
				CLANG_WARN_CONSTANT_CONVERSION = YES;
				CLANG_WARN_DEPRECATED_OBJC_IMPLEMENTATIONS = YES;
				CLANG_WARN_DIRECT_OBJC_ISA_USAGE = YES_ERROR;
				CLANG_WARN_DOCUMENTATION_COMMENTS = YES;
				CLANG_WARN_EMPTY_BODY = YES;
				CLANG_WARN_ENUM_CONVERSION = YES;
				CLANG_WARN_INFINITE_RECURSION = YES;
				CLANG_WARN_INT_CONVERSION = YES;
				CLANG_WARN_NON_LITERAL_NULL_CONVERSION = YES;
				CLANG_WARN_OBJC_IMPLICIT_RETAIN_SELF = YES;
				CLANG_WARN_OBJC_LITERAL_CONVERSION = YES;
				CLANG_WARN_OBJC_ROOT_CLASS = YES_ERROR;
				CLANG_WARN_RANGE_LOOP_ANALYSIS = YES;
				CLANG_WARN_STRICT_PROTOTYPES = YES;
				CLANG_WARN_SUSPICIOUS_MOVE = YES;
				CLANG_WARN_UNGUARDED_AVAILABILITY = YES_AGGRESSIVE;
				CLANG_WARN_UNREACHABLE_CODE = YES;
				CLANG_WARN__DUPLICATE_METHOD_MATCH = YES;
				CODE_SIGN_IDENTITY = "iPhone Developer";
				COPY_PHASE_STRIP = NO;
				DEBUG_INFORMATION_FORMAT = dwarf;
				ENABLE_STRICT_OBJC_MSGSEND = YES;
				ENABLE_TESTABILITY = YES;
				GCC_C_LANGUAGE_STANDARD = gnu11;
				GCC_DYNAMIC_NO_PIC = NO;
				GCC_NO_COMMON_BLOCKS = YES;
				GCC_OPTIMIZATION_LEVEL = 0;
				GCC_PREPROCESSOR_DEFINITIONS = (
					"DEBUG=1",
					"$(inherited)",
				);
				GCC_WARN_64_TO_32_BIT_CONVERSION = YES;
				GCC_WARN_ABOUT_RETURN_TYPE = YES_ERROR;
				GCC_WARN_UNDECLARED_SELECTOR = YES;
				GCC_WARN_UNINITIALIZED_AUTOS = YES_AGGRESSIVE;
				GCC_WARN_UNUSED_FUNCTION = YES;
				GCC_WARN_UNUSED_VARIABLE = YES;
				IPHONEOS_DEPLOYMENT_TARGET = 12.2;
				MTL_ENABLE_DEBUG_INFO = INCLUDE_SOURCE;
				MTL_FAST_MATH = YES;
				ONLY_ACTIVE_ARCH = YES;
				SDKROOT = iphoneos;
				SWIFT_ACTIVE_COMPILATION_CONDITIONS = DEBUG;
				SWIFT_OPTIMIZATION_LEVEL = "-Onone";
			};
			name = Debug;
		};
		04136B7122F6B389008AD45D /* Release */ = {
			isa = XCBuildConfiguration;
			buildSettings = {
				ALWAYS_SEARCH_USER_PATHS = NO;
				CLANG_ANALYZER_NONNULL = YES;
				CLANG_ANALYZER_NUMBER_OBJECT_CONVERSION = YES_AGGRESSIVE;
				CLANG_CXX_LANGUAGE_STANDARD = "gnu++14";
				CLANG_CXX_LIBRARY = "libc++";
				CLANG_ENABLE_MODULES = YES;
				CLANG_ENABLE_OBJC_ARC = YES;
				CLANG_ENABLE_OBJC_WEAK = YES;
				CLANG_WARN_BLOCK_CAPTURE_AUTORELEASING = YES;
				CLANG_WARN_BOOL_CONVERSION = YES;
				CLANG_WARN_COMMA = YES;
				CLANG_WARN_CONSTANT_CONVERSION = YES;
				CLANG_WARN_DEPRECATED_OBJC_IMPLEMENTATIONS = YES;
				CLANG_WARN_DIRECT_OBJC_ISA_USAGE = YES_ERROR;
				CLANG_WARN_DOCUMENTATION_COMMENTS = YES;
				CLANG_WARN_EMPTY_BODY = YES;
				CLANG_WARN_ENUM_CONVERSION = YES;
				CLANG_WARN_INFINITE_RECURSION = YES;
				CLANG_WARN_INT_CONVERSION = YES;
				CLANG_WARN_NON_LITERAL_NULL_CONVERSION = YES;
				CLANG_WARN_OBJC_IMPLICIT_RETAIN_SELF = YES;
				CLANG_WARN_OBJC_LITERAL_CONVERSION = YES;
				CLANG_WARN_OBJC_ROOT_CLASS = YES_ERROR;
				CLANG_WARN_RANGE_LOOP_ANALYSIS = YES;
				CLANG_WARN_STRICT_PROTOTYPES = YES;
				CLANG_WARN_SUSPICIOUS_MOVE = YES;
				CLANG_WARN_UNGUARDED_AVAILABILITY = YES_AGGRESSIVE;
				CLANG_WARN_UNREACHABLE_CODE = YES;
				CLANG_WARN__DUPLICATE_METHOD_MATCH = YES;
				CODE_SIGN_IDENTITY = "iPhone Developer";
				COPY_PHASE_STRIP = NO;
				DEBUG_INFORMATION_FORMAT = "dwarf-with-dsym";
				ENABLE_NS_ASSERTIONS = NO;
				ENABLE_STRICT_OBJC_MSGSEND = YES;
				GCC_C_LANGUAGE_STANDARD = gnu11;
				GCC_NO_COMMON_BLOCKS = YES;
				GCC_WARN_64_TO_32_BIT_CONVERSION = YES;
				GCC_WARN_ABOUT_RETURN_TYPE = YES_ERROR;
				GCC_WARN_UNDECLARED_SELECTOR = YES;
				GCC_WARN_UNINITIALIZED_AUTOS = YES_AGGRESSIVE;
				GCC_WARN_UNUSED_FUNCTION = YES;
				GCC_WARN_UNUSED_VARIABLE = YES;
				IPHONEOS_DEPLOYMENT_TARGET = 12.2;
				MTL_ENABLE_DEBUG_INFO = NO;
				MTL_FAST_MATH = YES;
				SDKROOT = iphoneos;
				SWIFT_COMPILATION_MODE = wholemodule;
				SWIFT_OPTIMIZATION_LEVEL = "-O";
				VALIDATE_PRODUCT = YES;
			};
			name = Release;
		};
		04136B7322F6B389008AD45D /* Debug */ = {
			isa = XCBuildConfiguration;
			baseConfigurationReference = BB53E3F9632C97CACD22DDB4 /* Pods-26.ShareFacebook.debug.xcconfig */;
			buildSettings = {
				ASSETCATALOG_COMPILER_APPICON_NAME = AppIcon;
				CODE_SIGN_STYLE = Automatic;
				DEVELOPMENT_TEAM = FZCMHM49LE;
				INFOPLIST_FILE = 26.ShareFacebook/Info.plist;
				LD_RUNPATH_SEARCH_PATHS = (
					"$(inherited)",
					"@executable_path/Frameworks",
				);
				PRODUCT_BUNDLE_IDENTIFIER = "n.-6-ShareFacebook";
				PRODUCT_NAME = "$(TARGET_NAME)";
				SWIFT_VERSION = 5.0;
				TARGETED_DEVICE_FAMILY = "1,2";
			};
			name = Debug;
		};
		04136B7422F6B389008AD45D /* Release */ = {
			isa = XCBuildConfiguration;
			baseConfigurationReference = 5EAF3580CD5F503A30D7588A /* Pods-26.ShareFacebook.release.xcconfig */;
			buildSettings = {
				ASSETCATALOG_COMPILER_APPICON_NAME = AppIcon;
				CODE_SIGN_STYLE = Automatic;
				DEVELOPMENT_TEAM = FZCMHM49LE;
				INFOPLIST_FILE = 26.ShareFacebook/Info.plist;
				LD_RUNPATH_SEARCH_PATHS = (
					"$(inherited)",
					"@executable_path/Frameworks",
				);
				PRODUCT_BUNDLE_IDENTIFIER = "n.-6-ShareFacebook";
				PRODUCT_NAME = "$(TARGET_NAME)";
				SWIFT_VERSION = 5.0;
				TARGETED_DEVICE_FAMILY = "1,2";
			};
			name = Release;
		};
/* End XCBuildConfiguration section */

/* Begin XCConfigurationList section */
		04136B5B22F6B388008AD45D /* Build configuration list for PBXProject "26.ShareFacebook" */ = {
			isa = XCConfigurationList;
			buildConfigurations = (
				04136B7022F6B389008AD45D /* Debug */,
				04136B7122F6B389008AD45D /* Release */,
			);
			defaultConfigurationIsVisible = 0;
			defaultConfigurationName = Release;
		};
		04136B7222F6B389008AD45D /* Build configuration list for PBXNativeTarget "26.ShareFacebook" */ = {
			isa = XCConfigurationList;
			buildConfigurations = (
				04136B7322F6B389008AD45D /* Debug */,
				04136B7422F6B389008AD45D /* Release */,
			);
			defaultConfigurationIsVisible = 0;
			defaultConfigurationName = Release;
		};
/* End XCConfigurationList section */
	};
	rootObject = 04136B5822F6B388008AD45D /* Project object */;
}
