// !$*UTF8*$!
{
	archiveVersion = 1;
	classes = {
	};
	objectVersion = 50;
	objects = {

/* Begin PBXBuildFile section */
		0486148A266218DB0053A57A /* AppDelegate.swift in Sources */ = {isa = PBXBuildFile; fileRef = 04861489266218DB0053A57A /* AppDelegate.swift */; };
		0486148C266218DB0053A57A /* SceneDelegate.swift in Sources */ = {isa = PBXBuildFile; fileRef = 0486148B266218DB0053A57A /* SceneDelegate.swift */; };
		0486148E266218DB0053A57A /* ViewController.swift in Sources */ = {isa = PBXBuildFile; fileRef = 0486148D266218DB0053A57A /* ViewController.swift */; };
		04861491266218DB0053A57A /* Main.storyboard in Resources */ = {isa = PBXBuildFile; fileRef = 0486148F266218DB0053A57A /* Main.storyboard */; };
		04861494266218DC0053A57A /* _9_HitList.xcdatamodeld in Sources */ = {isa = PBXBuildFile; fileRef = 04861492266218DC0053A57A /* _9_HitList.xcdatamodeld */; };
		04861496266218DD0053A57A /* Assets.xcassets in Resources */ = {isa = PBXBuildFile; fileRef = 04861495266218DD0053A57A /* Assets.xcassets */; };
		04861499266218DD0053A57A /* LaunchScreen.storyboard in Resources */ = {isa = PBXBuildFile; fileRef = 04861497266218DD0053A57A /* LaunchScreen.storyboard */; };
/* End PBXBuildFile section */

/* Begin PBXFileReference section */
		04861486266218DB0053A57A /* 59.HitList.app */ = {isa = PBXFileReference; explicitFileType = wrapper.application; includeInIndex = 0; path = 59.HitList.app; sourceTree = BUILT_PRODUCTS_DIR; };
		04861489266218DB0053A57A /* AppDelegate.swift */ = {isa = PBXFileReference; lastKnownFileType = sourcecode.swift; path = AppDelegate.swift; sourceTree = "<group>"; };
		0486148B266218DB0053A57A /* SceneDelegate.swift */ = {isa = PBXFileReference; lastKnownFileType = sourcecode.swift; path = SceneDelegate.swift; sourceTree = "<group>"; };
		0486148D266218DB0053A57A /* ViewController.swift */ = {isa = PBXFileReference; lastKnownFileType = sourcecode.swift; path = ViewController.swift; sourceTree = "<group>"; };
		04861490266218DB0053A57A /* Base */ = {isa = PBXFileReference; lastKnownFileType = file.storyboard; name = Base; path = Base.lproj/Main.storyboard; sourceTree = "<group>"; };
		04861493266218DC0053A57A /* _9_HitList.xcdatamodel */ = {isa = PBXFileReference; lastKnownFileType = wrapper.xcdatamodel; path = _9_HitList.xcdatamodel; sourceTree = "<group>"; };
		04861495266218DD0053A57A /* Assets.xcassets */ = {isa = PBXFileReference; lastKnownFileType = folder.assetcatalog; path = Assets.xcassets; sourceTree = "<group>"; };
		04861498266218DD0053A57A /* Base */ = {isa = PBXFileReference; lastKnownFileType = file.storyboard; name = Base; path = Base.lproj/LaunchScreen.storyboard; sourceTree = "<group>"; };
		0486149A266218DD0053A57A /* Info.plist */ = {isa = PBXFileReference; lastKnownFileType = text.plist.xml; path = Info.plist; sourceTree = "<group>"; };
/* End PBXFileReference section */

/* Begin PBXFrameworksBuildPhase section */
		04861483266218DB0053A57A /* Frameworks */ = {
			isa = PBXFrameworksBuildPhase;
			buildActionMask = 2147483647;
			files = (
			);
			runOnlyForDeploymentPostprocessing = 0;
		};
/* End PBXFrameworksBuildPhase section */

/* Begin PBXGroup section */
		0486147D266218DB0053A57A = {
			isa = PBXGroup;
			children = (
				04861488266218DB0053A57A /* 59.HitList */,
				04861487266218DB0053A57A /* Products */,
			);
			sourceTree = "<group>";
		};
		04861487266218DB0053A57A /* Products */ = {
			isa = PBXGroup;
			children = (
				04861486266218DB0053A57A /* 59.HitList.app */,
			);
			name = Products;
			sourceTree = "<group>";
		};
		04861488266218DB0053A57A /* 59.HitList */ = {
			isa = PBXGroup;
			children = (
				04861489266218DB0053A57A /* AppDelegate.swift */,
				0486148B266218DB0053A57A /* SceneDelegate.swift */,
				0486148D266218DB0053A57A /* ViewController.swift */,
				0486148F266218DB0053A57A /* Main.storyboard */,
				04861495266218DD0053A57A /* Assets.xcassets */,
				04861497266218DD0053A57A /* LaunchScreen.storyboard */,
				0486149A266218DD0053A57A /* Info.plist */,
				04861492266218DC0053A57A /* _9_HitList.xcdatamodeld */,
			);
			path = 59.HitList;
			sourceTree = "<group>";
		};
/* End PBXGroup section */

/* Begin PBXNativeTarget section */
		04861485266218DB0053A57A /* 59.HitList */ = {
			isa = PBXNativeTarget;
			buildConfigurationList = 0486149D266218DD0053A57A /* Build configuration list for PBXNativeTarget "59.HitList" */;
			buildPhases = (
				04861482266218DB0053A57A /* Sources */,
				04861483266218DB0053A57A /* Frameworks */,
				04861484266218DB0053A57A /* Resources */,
			);
			buildRules = (
			);
			dependencies = (
			);
			name = 59.HitList;
			productName = 59.HitList;
			productReference = 04861486266218DB0053A57A /* 59.HitList.app */;
			productType = "com.apple.product-type.application";
		};
/* End PBXNativeTarget section */

/* Begin PBXProject section */
		0486147E266218DB0053A57A /* Project object */ = {
			isa = PBXProject;
			attributes = {
				LastSwiftUpdateCheck = 1240;
				LastUpgradeCheck = 1240;
				TargetAttributes = {
					04861485266218DB0053A57A = {
						CreatedOnToolsVersion = 12.4;
					};
				};
			};
			buildConfigurationList = 04861481266218DB0053A57A /* Build configuration list for PBXProject "59.HitList" */;
			compatibilityVersion = "Xcode 9.3";
			developmentRegion = en;
			hasScannedForEncodings = 0;
			knownRegions = (
				en,
				Base,
			);
			mainGroup = 0486147D266218DB0053A57A;
			productRefGroup = 04861487266218DB0053A57A /* Products */;
			projectDirPath = "";
			projectRoot = "";
			targets = (
				04861485266218DB0053A57A /* 59.HitList */,
			);
		};
/* End PBXProject section */

/* Begin PBXResourcesBuildPhase section */
		04861484266218DB0053A57A /* Resources */ = {
			isa = PBXResourcesBuildPhase;
			buildActionMask = 2147483647;
			files = (
				04861499266218DD0053A57A /* LaunchScreen.storyboard in Resources */,
				04861496266218DD0053A57A /* Assets.xcassets in Resources */,
				04861491266218DB0053A57A /* Main.storyboard in Resources */,
			);
			runOnlyForDeploymentPostprocessing = 0;
		};
/* End PBXResourcesBuildPhase section */

/* Begin PBXSourcesBuildPhase section */
		04861482266218DB0053A57A /* Sources */ = {
			isa = PBXSourcesBuildPhase;
			buildActionMask = 2147483647;
			files = (
				0486148E266218DB0053A57A /* ViewController.swift in Sources */,
				0486148A266218DB0053A57A /* AppDelegate.swift in Sources */,
				0486148C266218DB0053A57A /* SceneDelegate.swift in Sources */,
				04861494266218DC0053A57A /* _9_HitList.xcdatamodeld in Sources */,
			);
			runOnlyForDeploymentPostprocessing = 0;
		};
/* End PBXSourcesBuildPhase section */

/* Begin PBXVariantGroup section */
		0486148F266218DB0053A57A /* Main.storyboard */ = {
			isa = PBXVariantGroup;
			children = (
				04861490266218DB0053A57A /* Base */,
			);
			name = Main.storyboard;
			sourceTree = "<group>";
		};
		04861497266218DD0053A57A /* LaunchScreen.storyboard */ = {
			isa = PBXVariantGroup;
			children = (
				04861498266218DD0053A57A /* Base */,
			);
			name = LaunchScreen.storyboard;
			sourceTree = "<group>";
		};
/* End PBXVariantGroup section */

/* Begin XCBuildConfiguration section */
		0486149B266218DD0053A57A /* Debug */ = {
			isa = XCBuildConfiguration;
			buildSettings = {
				ALWAYS_SEARCH_USER_PATHS = NO;
				CLANG_ANALYZER_NONNULL = YES;
				CLANG_ANALYZER_NUMBER_OBJECT_CONVERSION = YES_AGGRESSIVE;
				CLANG_CXX_LANGUAGE_STANDARD = "gnu++14";
				CLANG_CXX_LIBRARY = "libc++";
				CLANG_ENABLE_MODULES = YES;
				CLANG_ENABLE_OBJC_ARC = YES;
				CLANG_ENABLE_OBJC_WEAK = YES;
				CLANG_WARN_BLOCK_CAPTURE_AUTORELEASING = YES;
				CLANG_WARN_BOOL_CONVERSION = YES;
				CLANG_WARN_COMMA = YES;
				CLANG_WARN_CONSTANT_CONVERSION = YES;
				CLANG_WARN_DEPRECATED_OBJC_IMPLEMENTATIONS = YES;
				CLANG_WARN_DIRECT_OBJC_ISA_USAGE = YES_ERROR;
				CLANG_WARN_DOCUMENTATION_COMMENTS = YES;
				CLANG_WARN_EMPTY_BODY = YES;
				CLANG_WARN_ENUM_CONVERSION = YES;
				CLANG_WARN_INFINITE_RECURSION = YES;
				CLANG_WARN_INT_CONVERSION = YES;
				CLANG_WARN_NON_LITERAL_NULL_CONVERSION = YES;
				CLANG_WARN_OBJC_IMPLICIT_RETAIN_SELF = YES;
				CLANG_WARN_OBJC_LITERAL_CONVERSION = YES;
				CLANG_WARN_OBJC_ROOT_CLASS = YES_ERROR;
				CLANG_WARN_QUOTED_INCLUDE_IN_FRAMEWORK_HEADER = YES;
				CLANG_WARN_RANGE_LOOP_ANALYSIS = YES;
				CLANG_WARN_STRICT_PROTOTYPES = YES;
				CLANG_WARN_SUSPICIOUS_MOVE = YES;
				CLANG_WARN_UNGUARDED_AVAILABILITY = YES_AGGRESSIVE;
				CLANG_WARN_UNREACHABLE_CODE = YES;
				CLANG_WARN__DUPLICATE_METHOD_MATCH = YES;
				COPY_PHASE_STRIP = NO;
				DEBUG_INFORMATION_FORMAT = dwarf;
				ENABLE_STRICT_OBJC_MSGSEND = YES;
				ENABLE_TESTABILITY = YES;
				GCC_C_LANGUAGE_STANDARD = gnu11;
				GCC_DYNAMIC_NO_PIC = NO;
				GCC_NO_COMMON_BLOCKS = YES;
				GCC_OPTIMIZATION_LEVEL = 0;
				GCC_PREPROCESSOR_DEFINITIONS = (
					"DEBUG=1",
					"$(inherited)",
				);
				GCC_WARN_64_TO_32_BIT_CONVERSION = YES;
				GCC_WARN_ABOUT_RETURN_TYPE = YES_ERROR;
				GCC_WARN_UNDECLARED_SELECTOR = YES;
				GCC_WARN_UNINITIALIZED_AUTOS = YES_AGGRESSIVE;
				GCC_WARN_UNUSED_FUNCTION = YES;
				GCC_WARN_UNUSED_VARIABLE = YES;
				IPHONEOS_DEPLOYMENT_TARGET = 14.4;
				MTL_ENABLE_DEBUG_INFO = INCLUDE_SOURCE;
				MTL_FAST_MATH = YES;
				ONLY_ACTIVE_ARCH = YES;
				SDKROOT = iphoneos;
				SWIFT_ACTIVE_COMPILATION_CONDITIONS = DEBUG;
				SWIFT_OPTIMIZATION_LEVEL = "-Onone";
			};
			name = Debug;
		};
		0486149C266218DD0053A57A /* Release */ = {
			isa = XCBuildConfiguration;
			buildSettings = {
				ALWAYS_SEARCH_USER_PATHS = NO;
				CLANG_ANALYZER_NONNULL = YES;
				CLANG_ANALYZER_NUMBER_OBJECT_CONVERSION = YES_AGGRESSIVE;
				CLANG_CXX_LANGUAGE_STANDARD = "gnu++14";
				CLANG_CXX_LIBRARY = "libc++";
				CLANG_ENABLE_MODULES = YES;
				CLANG_ENABLE_OBJC_ARC = YES;
				CLANG_ENABLE_OBJC_WEAK = YES;
				CLANG_WARN_BLOCK_CAPTURE_AUTORELEASING = YES;
				CLANG_WARN_BOOL_CONVERSION = YES;
				CLANG_WARN_COMMA = YES;
				CLANG_WARN_CONSTANT_CONVERSION = YES;
				CLANG_WARN_DEPRECATED_OBJC_IMPLEMENTATIONS = YES;
				CLANG_WARN_DIRECT_OBJC_ISA_USAGE = YES_ERROR;
				CLANG_WARN_DOCUMENTATION_COMMENTS = YES;
				CLANG_WARN_EMPTY_BODY = YES;
				CLANG_WARN_ENUM_CONVERSION = YES;
				CLANG_WARN_INFINITE_RECURSION = YES;
				CLANG_WARN_INT_CONVERSION = YES;
				CLANG_WARN_NON_LITERAL_NULL_CONVERSION = YES;
				CLANG_WARN_OBJC_IMPLICIT_RETAIN_SELF = YES;
				CLANG_WARN_OBJC_LITERAL_CONVERSION = YES;
				CLANG_WARN_OBJC_ROOT_CLASS = YES_ERROR;
				CLANG_WARN_QUOTED_INCLUDE_IN_FRAMEWORK_HEADER = YES;
				CLANG_WARN_RANGE_LOOP_ANALYSIS = YES;
				CLANG_WARN_STRICT_PROTOTYPES = YES;
				CLANG_WARN_SUSPICIOUS_MOVE = YES;
				CLANG_WARN_UNGUARDED_AVAILABILITY = YES_AGGRESSIVE;
				CLANG_WARN_UNREACHABLE_CODE = YES;
				CLANG_WARN__DUPLICATE_METHOD_MATCH = YES;
				COPY_PHASE_STRIP = NO;
				DEBUG_INFORMATION_FORMAT = "dwarf-with-dsym";
				ENABLE_NS_ASSERTIONS = NO;
				ENABLE_STRICT_OBJC_MSGSEND = YES;
				GCC_C_LANGUAGE_STANDARD = gnu11;
				GCC_NO_COMMON_BLOCKS = YES;
				GCC_WARN_64_TO_32_BIT_CONVERSION = YES;
				GCC_WARN_ABOUT_RETURN_TYPE = YES_ERROR;
				GCC_WARN_UNDECLARED_SELECTOR = YES;
				GCC_WARN_UNINITIALIZED_AUTOS = YES_AGGRESSIVE;
				GCC_WARN_UNUSED_FUNCTION = YES;
				GCC_WARN_UNUSED_VARIABLE = YES;
				IPHONEOS_DEPLOYMENT_TARGET = 14.4;
				MTL_ENABLE_DEBUG_INFO = NO;
				MTL_FAST_MATH = YES;
				SDKROOT = iphoneos;
				SWIFT_COMPILATION_MODE = wholemodule;
				SWIFT_OPTIMIZATION_LEVEL = "-O";
				VALIDATE_PRODUCT = YES;
			};
			name = Release;
		};
		0486149E266218DD0053A57A /* Debug */ = {
			isa = XCBuildConfiguration;
			buildSettings = {
				ASSETCATALOG_COMPILER_APPICON_NAME = AppIcon;
				ASSETCATALOG_COMPILER_GLOBAL_ACCENT_COLOR_NAME = AccentColor;
				CODE_SIGN_STYLE = Automatic;
				DEVELOPMENT_TEAM = 9TZTHJXX2D;
				INFOPLIST_FILE = 59.HitList/Info.plist;
				LD_RUNPATH_SEARCH_PATHS = (
					"$(inherited)",
					"@executable_path/Frameworks",
				);
				PRODUCT_BUNDLE_IDENTIFIER = "com.hitlist.demo.-9-HitList";
				PRODUCT_NAME = "$(TARGET_NAME)";
				SWIFT_VERSION = 5.0;
				TARGETED_DEVICE_FAMILY = "1,2";
			};
			name = Debug;
		};
		0486149F266218DD0053A57A /* Release */ = {
			isa = XCBuildConfiguration;
			buildSettings = {
				ASSETCATALOG_COMPILER_APPICON_NAME = AppIcon;
				ASSETCATALOG_COMPILER_GLOBAL_ACCENT_COLOR_NAME = AccentColor;
				CODE_SIGN_STYLE = Automatic;
				DEVELOPMENT_TEAM = 9TZTHJXX2D;
				INFOPLIST_FILE = 59.HitList/Info.plist;
				LD_RUNPATH_SEARCH_PATHS = (
					"$(inherited)",
					"@executable_path/Frameworks",
				);
				PRODUCT_BUNDLE_IDENTIFIER = "com.hitlist.demo.-9-HitList";
				PRODUCT_NAME = "$(TARGET_NAME)";
				SWIFT_VERSION = 5.0;
				TARGETED_DEVICE_FAMILY = "1,2";
			};
			name = Release;
		};
/* End XCBuildConfiguration section */

/* Begin XCConfigurationList section */
		04861481266218DB0053A57A /* Build configuration list for PBXProject "59.HitList" */ = {
			isa = XCConfigurationList;
			buildConfigurations = (
				0486149B266218DD0053A57A /* Debug */,
				0486149C266218DD0053A57A /* Release */,
			);
			defaultConfigurationIsVisible = 0;
			defaultConfigurationName = Release;
		};
		0486149D266218DD0053A57A /* Build configuration list for PBXNativeTarget "59.HitList" */ = {
			isa = XCConfigurationList;
			buildConfigurations = (
				0486149E266218DD0053A57A /* Debug */,
				0486149F266218DD0053A57A /* Release */,
			);
			defaultConfigurationIsVisible = 0;
			defaultConfigurationName = Release;
		};
/* End XCConfigurationList section */

/* Begin XCVersionGroup section */
		04861492266218DC0053A57A /* _9_HitList.xcdatamodeld */ = {
			isa = XCVersionGroup;
			children = (
				04861493266218DC0053A57A /* _9_HitList.xcdatamodel */,
			);
			currentVersion = 04861493266218DC0053A57A /* _9_HitList.xcdatamodel */;
			path = _9_HitList.xcdatamodeld;
			sourceTree = "<group>";
			versionGroupType = wrapper.xcdatamodel;
		};
/* End XCVersionGroup section */
	};
	rootObject = 0486147E266218DB0053A57A /* Project object */;
}
