// !$*UTF8*$!
{
	archiveVersion = 1;
	classes = {
	};
	objectVersion = 50;
	objects = {

/* Begin PBXBuildFile section */
		04E306E82297B8DC00D3085A /* AppDelegate.swift in Sources */ = {isa = PBXBuildFile; fileRef = 04E306E72297B8DC00D3085A /* AppDelegate.swift */; };
		04E306EA2297B8DC00D3085A /* ViewController.swift in Sources */ = {isa = PBXBuildFile; fileRef = 04E306E92297B8DC00D3085A /* ViewController.swift */; };
		04E306ED2297B8DC00D3085A /* Main.storyboard in Resources */ = {isa = PBXBuildFile; fileRef = 04E306EB2297B8DC00D3085A /* Main.storyboard */; };
		04E306EF2297B8DF00D3085A /* Assets.xcassets in Resources */ = {isa = PBXBuildFile; fileRef = 04E306EE2297B8DF00D3085A /* Assets.xcassets */; };
		04E306F22297B8DF00D3085A /* LaunchScreen.storyboard in Resources */ = {isa = PBXBuildFile; fileRef = 04E306F02297B8DF00D3085A /* LaunchScreen.storyboard */; };
		04E306FA2297BF0200D3085A /* UIImageView+.swift in Sources */ = {isa = PBXBuildFile; fileRef = 04E306F92297BF0200D3085A /* UIImageView+.swift */; };
		04E306FD2297BF5300D3085A /* ImageViewHelper.swift in Sources */ = {isa = PBXBuildFile; fileRef = 04E306FC2297BF5300D3085A /* ImageViewHelper.swift */; };
/* End PBXBuildFile section */

/* Begin PBXFileReference section */
		04E306E42297B8DC00D3085A /* 17.LoadAndCashImageUrl.app */ = {isa = PBXFileReference; explicitFileType = wrapper.application; includeInIndex = 0; path = 17.LoadAndCashImageUrl.app; sourceTree = BUILT_PRODUCTS_DIR; };
		04E306E72297B8DC00D3085A /* AppDelegate.swift */ = {isa = PBXFileReference; lastKnownFileType = sourcecode.swift; path = AppDelegate.swift; sourceTree = "<group>"; };
		04E306E92297B8DC00D3085A /* ViewController.swift */ = {isa = PBXFileReference; lastKnownFileType = sourcecode.swift; path = ViewController.swift; sourceTree = "<group>"; };
		04E306EC2297B8DC00D3085A /* Base */ = {isa = PBXFileReference; lastKnownFileType = file.storyboard; name = Base; path = Base.lproj/Main.storyboard; sourceTree = "<group>"; };
		04E306EE2297B8DF00D3085A /* Assets.xcassets */ = {isa = PBXFileReference; lastKnownFileType = folder.assetcatalog; path = Assets.xcassets; sourceTree = "<group>"; };
		04E306F12297B8DF00D3085A /* Base */ = {isa = PBXFileReference; lastKnownFileType = file.storyboard; name = Base; path = Base.lproj/LaunchScreen.storyboard; sourceTree = "<group>"; };
		04E306F32297B8DF00D3085A /* Info.plist */ = {isa = PBXFileReference; lastKnownFileType = text.plist.xml; path = Info.plist; sourceTree = "<group>"; };
		04E306F92297BF0200D3085A /* UIImageView+.swift */ = {isa = PBXFileReference; lastKnownFileType = sourcecode.swift; path = "UIImageView+.swift"; sourceTree = "<group>"; };
		04E306FC2297BF5300D3085A /* ImageViewHelper.swift */ = {isa = PBXFileReference; lastKnownFileType = sourcecode.swift; path = ImageViewHelper.swift; sourceTree = "<group>"; };
/* End PBXFileReference section */

/* Begin PBXFrameworksBuildPhase section */
		04E306E12297B8DC00D3085A /* Frameworks */ = {
			isa = PBXFrameworksBuildPhase;
			buildActionMask = 2147483647;
			files = (
			);
			runOnlyForDeploymentPostprocessing = 0;
		};
/* End PBXFrameworksBuildPhase section */

/* Begin PBXGroup section */
		04E306DB2297B8DC00D3085A = {
			isa = PBXGroup;
			children = (
				04E306E62297B8DC00D3085A /* 17.LoadAndCashImageUrl */,
				04E306E52297B8DC00D3085A /* Products */,
			);
			sourceTree = "<group>";
		};
		04E306E52297B8DC00D3085A /* Products */ = {
			isa = PBXGroup;
			children = (
				04E306E42297B8DC00D3085A /* 17.LoadAndCashImageUrl.app */,
			);
			name = Products;
			sourceTree = "<group>";
		};
		04E306E62297B8DC00D3085A /* 17.LoadAndCashImageUrl */ = {
			isa = PBXGroup;
			children = (
				04E306FB2297BF3E00D3085A /* ImageViewHelper */,
				04E306E72297B8DC00D3085A /* AppDelegate.swift */,
				04E306E92297B8DC00D3085A /* ViewController.swift */,
				04E306EB2297B8DC00D3085A /* Main.storyboard */,
				04E306EE2297B8DF00D3085A /* Assets.xcassets */,
				04E306F02297B8DF00D3085A /* LaunchScreen.storyboard */,
				04E306F32297B8DF00D3085A /* Info.plist */,
			);
			path = 17.LoadAndCashImageUrl;
			sourceTree = "<group>";
		};
		04E306FB2297BF3E00D3085A /* ImageViewHelper */ = {
			isa = PBXGroup;
			children = (
				04E306F92297BF0200D3085A /* UIImageView+.swift */,
				04E306FC2297BF5300D3085A /* ImageViewHelper.swift */,
			);
			path = ImageViewHelper;
			sourceTree = "<group>";
		};
/* End PBXGroup section */

/* Begin PBXNativeTarget section */
		04E306E32297B8DC00D3085A /* 17.LoadAndCashImageUrl */ = {
			isa = PBXNativeTarget;
			buildConfigurationList = 04E306F62297B8DF00D3085A /* Build configuration list for PBXNativeTarget "17.LoadAndCashImageUrl" */;
			buildPhases = (
				04E306E02297B8DC00D3085A /* Sources */,
				04E306E12297B8DC00D3085A /* Frameworks */,
				04E306E22297B8DC00D3085A /* Resources */,
			);
			buildRules = (
			);
			dependencies = (
			);
			name = 17.LoadAndCashImageUrl;
			productName = 17.LoadAndCashImageUrl;
			productReference = 04E306E42297B8DC00D3085A /* 17.LoadAndCashImageUrl.app */;
			productType = "com.apple.product-type.application";
		};
/* End PBXNativeTarget section */

/* Begin PBXProject section */
		04E306DC2297B8DC00D3085A /* Project object */ = {
			isa = PBXProject;
			attributes = {
				LastSwiftUpdateCheck = 1020;
				LastUpgradeCheck = 1020;
				ORGANIZATIONNAME = "Duy Nguyen";
				TargetAttributes = {
					04E306E32297B8DC00D3085A = {
						CreatedOnToolsVersion = 10.2;
					};
				};
			};
			buildConfigurationList = 04E306DF2297B8DC00D3085A /* Build configuration list for PBXProject "17.LoadAndCashImageUrl" */;
			compatibilityVersion = "Xcode 9.3";
			developmentRegion = en;
			hasScannedForEncodings = 0;
			knownRegions = (
				en,
				Base,
			);
			mainGroup = 04E306DB2297B8DC00D3085A;
			productRefGroup = 04E306E52297B8DC00D3085A /* Products */;
			projectDirPath = "";
			projectRoot = "";
			targets = (
				04E306E32297B8DC00D3085A /* 17.LoadAndCashImageUrl */,
			);
		};
/* End PBXProject section */

/* Begin PBXResourcesBuildPhase section */
		04E306E22297B8DC00D3085A /* Resources */ = {
			isa = PBXResourcesBuildPhase;
			buildActionMask = 2147483647;
			files = (
				04E306F22297B8DF00D3085A /* LaunchScreen.storyboard in Resources */,
				04E306EF2297B8DF00D3085A /* Assets.xcassets in Resources */,
				04E306ED2297B8DC00D3085A /* Main.storyboard in Resources */,
			);
			runOnlyForDeploymentPostprocessing = 0;
		};
/* End PBXResourcesBuildPhase section */

/* Begin PBXSourcesBuildPhase section */
		04E306E02297B8DC00D3085A /* Sources */ = {
			isa = PBXSourcesBuildPhase;
			buildActionMask = 2147483647;
			files = (
				04E306FA2297BF0200D3085A /* UIImageView+.swift in Sources */,
				04E306EA2297B8DC00D3085A /* ViewController.swift in Sources */,
				04E306FD2297BF5300D3085A /* ImageViewHelper.swift in Sources */,
				04E306E82297B8DC00D3085A /* AppDelegate.swift in Sources */,
			);
			runOnlyForDeploymentPostprocessing = 0;
		};
/* End PBXSourcesBuildPhase section */

/* Begin PBXVariantGroup section */
		04E306EB2297B8DC00D3085A /* Main.storyboard */ = {
			isa = PBXVariantGroup;
			children = (
				04E306EC2297B8DC00D3085A /* Base */,
			);
			name = Main.storyboard;
			sourceTree = "<group>";
		};
		04E306F02297B8DF00D3085A /* LaunchScreen.storyboard */ = {
			isa = PBXVariantGroup;
			children = (
				04E306F12297B8DF00D3085A /* Base */,
			);
			name = LaunchScreen.storyboard;
			sourceTree = "<group>";
		};
/* End PBXVariantGroup section */

/* Begin XCBuildConfiguration section */
		04E306F42297B8DF00D3085A /* Debug */ = {
			isa = XCBuildConfiguration;
			buildSettings = {
				ALWAYS_SEARCH_USER_PATHS = NO;
				CLANG_ANALYZER_NONNULL = YES;
				CLANG_ANALYZER_NUMBER_OBJECT_CONVERSION = YES_AGGRESSIVE;
				CLANG_CXX_LANGUAGE_STANDARD = "gnu++14";
				CLANG_CXX_LIBRARY = "libc++";
				CLANG_ENABLE_MODULES = YES;
				CLANG_ENABLE_OBJC_ARC = YES;
				CLANG_ENABLE_OBJC_WEAK = YES;
				CLANG_WARN_BLOCK_CAPTURE_AUTORELEASING = YES;
				CLANG_WARN_BOOL_CONVERSION = YES;
				CLANG_WARN_COMMA = YES;
				CLANG_WARN_CONSTANT_CONVERSION = YES;
				CLANG_WARN_DEPRECATED_OBJC_IMPLEMENTATIONS = YES;
				CLANG_WARN_DIRECT_OBJC_ISA_USAGE = YES_ERROR;
				CLANG_WARN_DOCUMENTATION_COMMENTS = YES;
				CLANG_WARN_EMPTY_BODY = YES;
				CLANG_WARN_ENUM_CONVERSION = YES;
				CLANG_WARN_INFINITE_RECURSION = YES;
				CLANG_WARN_INT_CONVERSION = YES;
				CLANG_WARN_NON_LITERAL_NULL_CONVERSION = YES;
				CLANG_WARN_OBJC_IMPLICIT_RETAIN_SELF = YES;
				CLANG_WARN_OBJC_LITERAL_CONVERSION = YES;
				CLANG_WARN_OBJC_ROOT_CLASS = YES_ERROR;
				CLANG_WARN_RANGE_LOOP_ANALYSIS = YES;
				CLANG_WARN_STRICT_PROTOTYPES = YES;
				CLANG_WARN_SUSPICIOUS_MOVE = YES;
				CLANG_WARN_UNGUARDED_AVAILABILITY = YES_AGGRESSIVE;
				CLANG_WARN_UNREACHABLE_CODE = YES;
				CLANG_WARN__DUPLICATE_METHOD_MATCH = YES;
				CODE_SIGN_IDENTITY = "iPhone Developer";
				COPY_PHASE_STRIP = NO;
				DEBUG_INFORMATION_FORMAT = dwarf;
				ENABLE_STRICT_OBJC_MSGSEND = YES;
				ENABLE_TESTABILITY = YES;
				GCC_C_LANGUAGE_STANDARD = gnu11;
				GCC_DYNAMIC_NO_PIC = NO;
				GCC_NO_COMMON_BLOCKS = YES;
				GCC_OPTIMIZATION_LEVEL = 0;
				GCC_PREPROCESSOR_DEFINITIONS = (
					"DEBUG=1",
					"$(inherited)",
				);
				GCC_WARN_64_TO_32_BIT_CONVERSION = YES;
				GCC_WARN_ABOUT_RETURN_TYPE = YES_ERROR;
				GCC_WARN_UNDECLARED_SELECTOR = YES;
				GCC_WARN_UNINITIALIZED_AUTOS = YES_AGGRESSIVE;
				GCC_WARN_UNUSED_FUNCTION = YES;
				GCC_WARN_UNUSED_VARIABLE = YES;
				IPHONEOS_DEPLOYMENT_TARGET = 12.2;
				MTL_ENABLE_DEBUG_INFO = INCLUDE_SOURCE;
				MTL_FAST_MATH = YES;
				ONLY_ACTIVE_ARCH = YES;
				SDKROOT = iphoneos;
				SWIFT_ACTIVE_COMPILATION_CONDITIONS = DEBUG;
				SWIFT_OPTIMIZATION_LEVEL = "-Onone";
			};
			name = Debug;
		};
		04E306F52297B8DF00D3085A /* Release */ = {
			isa = XCBuildConfiguration;
			buildSettings = {
				ALWAYS_SEARCH_USER_PATHS = NO;
				CLANG_ANALYZER_NONNULL = YES;
				CLANG_ANALYZER_NUMBER_OBJECT_CONVERSION = YES_AGGRESSIVE;
				CLANG_CXX_LANGUAGE_STANDARD = "gnu++14";
				CLANG_CXX_LIBRARY = "libc++";
				CLANG_ENABLE_MODULES = YES;
				CLANG_ENABLE_OBJC_ARC = YES;
				CLANG_ENABLE_OBJC_WEAK = YES;
				CLANG_WARN_BLOCK_CAPTURE_AUTORELEASING = YES;
				CLANG_WARN_BOOL_CONVERSION = YES;
				CLANG_WARN_COMMA = YES;
				CLANG_WARN_CONSTANT_CONVERSION = YES;
				CLANG_WARN_DEPRECATED_OBJC_IMPLEMENTATIONS = YES;
				CLANG_WARN_DIRECT_OBJC_ISA_USAGE = YES_ERROR;
				CLANG_WARN_DOCUMENTATION_COMMENTS = YES;
				CLANG_WARN_EMPTY_BODY = YES;
				CLANG_WARN_ENUM_CONVERSION = YES;
				CLANG_WARN_INFINITE_RECURSION = YES;
				CLANG_WARN_INT_CONVERSION = YES;
				CLANG_WARN_NON_LITERAL_NULL_CONVERSION = YES;
				CLANG_WARN_OBJC_IMPLICIT_RETAIN_SELF = YES;
				CLANG_WARN_OBJC_LITERAL_CONVERSION = YES;
				CLANG_WARN_OBJC_ROOT_CLASS = YES_ERROR;
				CLANG_WARN_RANGE_LOOP_ANALYSIS = YES;
				CLANG_WARN_STRICT_PROTOTYPES = YES;
				CLANG_WARN_SUSPICIOUS_MOVE = YES;
				CLANG_WARN_UNGUARDED_AVAILABILITY = YES_AGGRESSIVE;
				CLANG_WARN_UNREACHABLE_CODE = YES;
				CLANG_WARN__DUPLICATE_METHOD_MATCH = YES;
				CODE_SIGN_IDENTITY = "iPhone Developer";
				COPY_PHASE_STRIP = NO;
				DEBUG_INFORMATION_FORMAT = "dwarf-with-dsym";
				ENABLE_NS_ASSERTIONS = NO;
				ENABLE_STRICT_OBJC_MSGSEND = YES;
				GCC_C_LANGUAGE_STANDARD = gnu11;
				GCC_NO_COMMON_BLOCKS = YES;
				GCC_WARN_64_TO_32_BIT_CONVERSION = YES;
				GCC_WARN_ABOUT_RETURN_TYPE = YES_ERROR;
				GCC_WARN_UNDECLARED_SELECTOR = YES;
				GCC_WARN_UNINITIALIZED_AUTOS = YES_AGGRESSIVE;
				GCC_WARN_UNUSED_FUNCTION = YES;
				GCC_WARN_UNUSED_VARIABLE = YES;
				IPHONEOS_DEPLOYMENT_TARGET = 12.2;
				MTL_ENABLE_DEBUG_INFO = NO;
				MTL_FAST_MATH = YES;
				SDKROOT = iphoneos;
				SWIFT_COMPILATION_MODE = wholemodule;
				SWIFT_OPTIMIZATION_LEVEL = "-O";
				VALIDATE_PRODUCT = YES;
			};
			name = Release;
		};
		04E306F72297B8DF00D3085A /* Debug */ = {
			isa = XCBuildConfiguration;
			buildSettings = {
				ASSETCATALOG_COMPILER_APPICON_NAME = AppIcon;
				CODE_SIGN_STYLE = Automatic;
				DEVELOPMENT_TEAM = "";
				INFOPLIST_FILE = 17.LoadAndCashImageUrl/Info.plist;
				LD_RUNPATH_SEARCH_PATHS = (
					"$(inherited)",
					"@executable_path/Frameworks",
				);
				PRODUCT_BUNDLE_IDENTIFIER = "n.-7-LoadAndCashImageUrl";
				PRODUCT_NAME = "$(TARGET_NAME)";
				SWIFT_VERSION = 5.0;
				TARGETED_DEVICE_FAMILY = "1,2";
			};
			name = Debug;
		};
		04E306F82297B8DF00D3085A /* Release */ = {
			isa = XCBuildConfiguration;
			buildSettings = {
				ASSETCATALOG_COMPILER_APPICON_NAME = AppIcon;
				CODE_SIGN_STYLE = Automatic;
				DEVELOPMENT_TEAM = "";
				INFOPLIST_FILE = 17.LoadAndCashImageUrl/Info.plist;
				LD_RUNPATH_SEARCH_PATHS = (
					"$(inherited)",
					"@executable_path/Frameworks",
				);
				PRODUCT_BUNDLE_IDENTIFIER = "n.-7-LoadAndCashImageUrl";
				PRODUCT_NAME = "$(TARGET_NAME)";
				SWIFT_VERSION = 5.0;
				TARGETED_DEVICE_FAMILY = "1,2";
			};
			name = Release;
		};
/* End XCBuildConfiguration section */

/* Begin XCConfigurationList section */
		04E306DF2297B8DC00D3085A /* Build configuration list for PBXProject "17.LoadAndCashImageUrl" */ = {
			isa = XCConfigurationList;
			buildConfigurations = (
				04E306F42297B8DF00D3085A /* Debug */,
				04E306F52297B8DF00D3085A /* Release */,
			);
			defaultConfigurationIsVisible = 0;
			defaultConfigurationName = Release;
		};
		04E306F62297B8DF00D3085A /* Build configuration list for PBXNativeTarget "17.LoadAndCashImageUrl" */ = {
			isa = XCConfigurationList;
			buildConfigurations = (
				04E306F72297B8DF00D3085A /* Debug */,
				04E306F82297B8DF00D3085A /* Release */,
			);
			defaultConfigurationIsVisible = 0;
			defaultConfigurationName = Release;
		};
/* End XCConfigurationList section */
	};
	rootObject = 04E306DC2297B8DC00D3085A /* Project object */;
}
